<?xml version="1.0" encoding="utf-8"?>
<Project ToolsVersion="4.0" xmlns="http://schemas.microsoft.com/developer/msbuild/2003">
  <ItemGroup>
    <Filter Include="src">
      <UniqueIdentifier>{c3494db3-9f14-4143-af74-4e19aac03778}</UniqueIdentifier>
    </Filter>
    <Filter Include="src\Source">
      <UniqueIdentifier>{931e569c-c9fa-47f7-b40b-cc8f867e5e64}</UniqueIdentifier>
    </Filter>
    <Filter Include="src\Headers">
      <UniqueIdentifier>{efce2451-b438-40ea-a894-350a8a6ae89f}</UniqueIdentifier>
    </Filter>
  </ItemGroup>
  <ItemGroup>
    <ClInclude Include="src\imgui.h">
      <Filter>src\Headers</Filter>
    </ClInclude>
    <ClInclude Include="src\imgui_internal.h">
      <Filter>src\Headers</Filter>
    </ClInclude>
    <ClInclude Include="src\imconfig.h">
      <Filter>src\Headers</Filter>
    </ClInclude>
    <ClInclude Include="src\imstb_rectpack.h">
      <Filter>src\Headers</Filter>
    </ClInclude>
    <ClInclude Include="src\imstb_textedit.h">
      <Filter>src\Headers</Filter>
    </ClInclude>
    <ClInclude Include="src\imstb_truetype.h">
      <Filter>src\Headers</Filter>
    </ClInclude>
  </ItemGroup>
  <ItemGroup>
    <ClCompile Include="src\imgui.cpp">
      <Filter>src\Source</Filter>
    </ClCompile>
    <ClCompile Include="src\imgui_demo.cpp">
      <Filter>src\Source</Filter>
    </ClCompile>
    <ClCompile Include="src\imgui_draw.cpp">
      <Filter>src\Source</Filter>
    </ClCompile>
    <ClCompile Include="src\imgui_widgets.cpp">
      <Filter>src\Source</Filter>
    </ClCompile>
  </ItemGroup>
</Project>